
Microsoft Visual Studio Solution File, Format Version 12.00
# Visual Studio Version 16
VisualStudioVersion = 16.0.31321.278
MinimumVisualStudioVersion = 10.0.40219.1
Project("{8BC9CEB8-8B4A-11D0-8D11-00A0C91BC942}") = "VS2019_natvis_ArrayItems_condition", "VS2019_natvis_ArrayItems_condition.vcxproj", "{0628A335-3ECE-434F-8912-F4736EDB856C}"
EndProject
Global
	GlobalSection(SolutionConfigurationPlatforms) = preSolution
		Debug|x64 = Debug|x64
		Debug|x86 = Debug|x86
		Release|x64 = Release|x64
		Release|x86 = Release|x86
	EndGlobalSection
	GlobalSection(ProjectConfigurationPlatforms) = postSolution
		{0628A335-3ECE-434F-8912-F4736EDB856C}.Debug|x64.ActiveCfg = Debug|x64
		{0628A335-3ECE-434F-8912-F4736EDB856C}.Debug|x64.Build.0 = Debug|x64
		{0628A335-3ECE-434F-8912-F4736EDB856C}.Debug|x86.ActiveCfg = Debug|Win32
		{0628A335-3ECE-434F-8912-F4736EDB856C}.Debug|x86.Build.0 = Debug|Win32
		{0628A335-3ECE-434F-8912-F4736EDB856C}.Release|x64.ActiveCfg = Release|x64
		{0628A335-3ECE-434F-8912-F4736EDB856C}.Release|x64.Build.0 = Release|x64
		{0628A335-3ECE-434F-8912-F4736EDB856C}.Release|x86.ActiveCfg = Release|Win32
		{0628A335-3ECE-434F-8912-F4736EDB856C}.Release|x86.Build.0 = Release|Win32
	EndGlobalSection
	GlobalSection(SolutionProperties) = preSolution
		HideSolutionNode = FALSE
	EndGlobalSection
	GlobalSection(ExtensibilityGlobals) = postSolution
		SolutionGuid = {F0086F0F-92DC-449D-AD7B-AE3E84F7D9CF}
	EndGlobalSection
EndGlobal
